{
  "nodes": {
    "algotex": {
      "inputs": {
        "nixpkgs": [
          "nixpkgs"
        ],
        "tuda-logo": "tuda-logo"
      },
      "locked": {
        "lastModified": 1743352246,
        "narHash": "sha256-X77ByMWTNPNxuLkwaoOZlLX4rN7/BQpLYMUfDR6iRAE=",
        "owner": "alexstaeding",
        "repo": "AlgoTeX",
        "rev": "b14ec99acb357f4663649671eb04bd1d349a07eb",
        "type": "github"
      },
      "original": {
        "owner": "alexstaeding",
        "ref": "fix/flake",
        "repo": "AlgoTeX",
        "type": "github"
      }
    },
    "home-manager": {
      "inputs": {
        "nixpkgs": [
          "nixpkgs"
        ]
      },
      "locked": {
        "lastModified": 1769872935,
        "narHash": "sha256-07HMIGQ/WJeAQJooA7Kkg1SDKxhAiV6eodvOwTX6WKI=",
        "owner": "nix-community",
        "repo": "home-manager",
        "rev": "f4ad5068ee8e89e4a7c2e963e10dd35cd77b37b7",
        "type": "github"
      },
      "original": {
        "owner": "nix-community",
        "repo": "home-manager",
        "type": "github"
      }
    },
    "nix-darwin": {
      "inputs": {
        "nixpkgs": [
          "nixpkgs"
        ]
      },
      "locked": {
        "lastModified": 1768764703,
        "narHash": "sha256-5ulSDyOG1U+1sJhkJHYsUOWEsmtLl97O0NTVMvgIVyc=",
        "owner": "LnL7",
        "repo": "nix-darwin",
        "rev": "0fc4e7ac670a0ed874abacf73c4b072a6a58064b",
        "type": "github"
      },
      "original": {
        "owner": "LnL7",
        "repo": "nix-darwin",
        "type": "github"
      }
    },
    "nixCats": {
      "locked": {
        "lastModified": 1769578476,
        "narHash": "sha256-4+KbiBcC6hQ3sh0UbPXjy6TOfLh9yhskRlfPzyZ2FH4=",
        "owner": "BirdeeHub",
        "repo": "nixCats-nvim",
        "rev": "48f8be4bdafccfa19ceaaf08071a15eca36fdb1d",
        "type": "github"
      },
      "original": {
        "owner": "BirdeeHub",
        "repo": "nixCats-nvim",
        "type": "github"
      }
    },
    "nixpkgs": {
      "locked": {
        "lastModified": 1769946063,
        "narHash": "sha256-ZBTUAZe+j1eHNyMerIrPhvQtitF2OD4uaIYM1T8I7Lo=",
        "owner": "alexstaeding",
        "repo": "nixpkgs",
        "rev": "519b5114a06265e474b4bb900458467f1a172fcf",
        "type": "github"
      },
      "original": {
        "owner": "alexstaeding",
        "ref": "nixos-unstable",
        "repo": "nixpkgs",
        "type": "github"
      }
    },
    "plasma-manager": {
      "inputs": {
        "home-manager": [
          "home-manager"
        ],
        "nixpkgs": [
          "nixpkgs"
        ]
      },
      "locked": {
        "lastModified": 1767662275,
        "narHash": "sha256-d5Q1GmQ+sW1Bt8cgDE0vOihzLaswsm8cSdg8124EqXE=",
        "owner": "nix-community",
        "repo": "plasma-manager",
        "rev": "51816be33a1ff0d4b22427de83222d5bfa96d30e",
        "type": "github"
      },
      "original": {
        "owner": "nix-community",
        "repo": "plasma-manager",
        "type": "github"
      }
    },
    "root": {
      "inputs": {
        "algotex": "algotex",
        "home-manager": "home-manager",
        "nix-darwin": "nix-darwin",
        "nixCats": "nixCats",
        "nixpkgs": "nixpkgs",
        "plasma-manager": "plasma-manager"
      }
    },
    "tuda-logo": {
      "flake": false,
      "locked": {
        "narHash": "sha256-F/1F1yQbDhyXKXqeWZFFVB/tLWoSuVSbEgFolQrrSoM=",
        "type": "file",
        "url": "https://upload.wikimedia.org/wikipedia/de/2/24/TU_Darmstadt_Logo.svg"
      },
      "original": {
        "type": "file",
        "url": "https://upload.wikimedia.org/wikipedia/de/2/24/TU_Darmstadt_Logo.svg"
      }
    }
  },
  "root": "root",
  "version": 7
}
