{
  "nodes": {
    "algotex": {
      "inputs": {
        "nixpkgs": [
          "nixpkgs"
        ],
        "tuda-logo": "tuda-logo"
      },
      "locked": {
        "lastModified": 1743352246,
        "narHash": "sha256-X77ByMWTNPNxuLkwaoOZlLX4rN7/BQpLYMUfDR6iRAE=",
        "owner": "alexstaeding",
        "repo": "AlgoTeX",
        "rev": "b14ec99acb357f4663649671eb04bd1d349a07eb",
        "type": "github"
      },
      "original": {
        "owner": "alexstaeding",
        "ref": "fix/flake",
        "repo": "AlgoTeX",
        "type": "github"
      }
    },
    "home-manager": {
      "inputs": {
        "nixpkgs": [
          "nixpkgs"
        ]
      },
      "locked": {
        "lastModified": 1751638848,
        "narHash": "sha256-7HiC6w4ROEbMmKtj5pilnLOJej9HkkfU9wEd5QSTyNo=",
        "owner": "nix-community",
        "repo": "home-manager",
        "rev": "7d9e3c35f0d46f82bac791d76260f15f53d83529",
        "type": "github"
      },
      "original": {
        "owner": "nix-community",
        "repo": "home-manager",
        "type": "github"
      }
    },
    "nix-darwin": {
      "inputs": {
        "nixpkgs": [
          "nixpkgs"
        ]
      },
      "locked": {
        "lastModified": 1751313918,
        "narHash": "sha256-HsJM3XLa43WpG+665aGEh8iS8AfEwOIQWk3Mke3e7nk=",
        "owner": "LnL7",
        "repo": "nix-darwin",
        "rev": "e04a388232d9a6ba56967ce5b53a8a6f713cdfcf",
        "type": "github"
      },
      "original": {
        "owner": "LnL7",
        "repo": "nix-darwin",
        "type": "github"
      }
    },
    "nixpkgs": {
      "locked": {
        "lastModified": 1751659406,
        "narHash": "sha256-sEFfy63koa765nDmScYOPwAneIft2ZkEJIAaPdUn8Yc=",
        "owner": "alexstaeding",
        "repo": "nixpkgs",
        "rev": "7ef7eaf058ca0ee8ea96626e53bbe97dbd984127",
        "type": "github"
      },
      "original": {
        "owner": "alexstaeding",
        "ref": "nixos-unstable",
        "repo": "nixpkgs",
        "type": "github"
      }
    },
    "plasma-manager": {
      "inputs": {
        "home-manager": [
          "home-manager"
        ],
        "nixpkgs": [
          "nixpkgs"
        ]
      },
      "locked": {
        "lastModified": 1748196248,
        "narHash": "sha256-1iHjsH6/5UOerJEoZKE+Gx1BgAoge/YcnUsOA4wQ/BU=",
        "owner": "nix-community",
        "repo": "plasma-manager",
        "rev": "b7697abe89967839b273a863a3805345ea54ab56",
        "type": "github"
      },
      "original": {
        "owner": "nix-community",
        "repo": "plasma-manager",
        "type": "github"
      }
    },
    "root": {
      "inputs": {
        "algotex": "algotex",
        "home-manager": "home-manager",
        "nix-darwin": "nix-darwin",
        "nixpkgs": "nixpkgs",
        "plasma-manager": "plasma-manager"
      }
    },
    "tuda-logo": {
      "flake": false,
      "locked": {
        "narHash": "sha256-F/1F1yQbDhyXKXqeWZFFVB/tLWoSuVSbEgFolQrrSoM=",
        "type": "file",
        "url": "https://upload.wikimedia.org/wikipedia/de/2/24/TU_Darmstadt_Logo.svg"
      },
      "original": {
        "type": "file",
        "url": "https://upload.wikimedia.org/wikipedia/de/2/24/TU_Darmstadt_Logo.svg"
      }
    }
  },
  "root": "root",
  "version": 7
}
